// !$*UTF8*$!
{
	archiveVersion = 1;
	classes = {
	};
	objectVersion = 50;
	objects = {

/* Begin PBXBuildFile section */
		F46E787A248577A300D8B03A /* AppDelegate.swift in Sources */ = {isa = PBXBuildFile; fileRef = F46E7879248577A300D8B03A /* AppDelegate.swift */; };
		F46E787C248577A300D8B03A /* SceneDelegate.swift in Sources */ = {isa = PBXBuildFile; fileRef = F46E787B248577A300D8B03A /* SceneDelegate.swift */; };
		F46E787E248577A300D8B03A /* ViewController.swift in Sources */ = {isa = PBXBuildFile; fileRef = F46E787D248577A300D8B03A /* ViewController.swift */; };
		F46E7881248577A300D8B03A /* Main.storyboard in Resources */ = {isa = PBXBuildFile; fileRef = F46E787F248577A300D8B03A /* Main.storyboard */; };
		F46E7883248577A900D8B03A /* Assets.xcassets in Resources */ = {isa = PBXBuildFile; fileRef = F46E7882248577A900D8B03A /* Assets.xcassets */; };
		F46E7886248577A900D8B03A /* LaunchScreen.storyboard in Resources */ = {isa = PBXBuildFile; fileRef = F46E7884248577A900D8B03A /* LaunchScreen.storyboard */; };
		F46E788E2485836D00D8B03A /* ViewControllerTwo.swift in Sources */ = {isa = PBXBuildFile; fileRef = F46E788D2485836D00D8B03A /* ViewControllerTwo.swift */; };
		F46E78922485964B00D8B03A /* ViewControllerThree.swift in Sources */ = {isa = PBXBuildFile; fileRef = F46E78912485964B00D8B03A /* ViewControllerThree.swift */; };
		F46E78942487DE2800D8B03A /* ViewControllerFour.swift in Sources */ = {isa = PBXBuildFile; fileRef = F46E78932487DE2800D8B03A /* ViewControllerFour.swift */; };
/* End PBXBuildFile section */

/* Begin PBXFileReference section */
		F46E7876248577A300D8B03A /* MultipleVCs.app */ = {isa = PBXFileReference; explicitFileType = wrapper.application; includeInIndex = 0; path = MultipleVCs.app; sourceTree = BUILT_PRODUCTS_DIR; };
		F46E7879248577A300D8B03A /* AppDelegate.swift */ = {isa = PBXFileReference; lastKnownFileType = sourcecode.swift; path = AppDelegate.swift; sourceTree = "<group>"; };
		F46E787B248577A300D8B03A /* SceneDelegate.swift */ = {isa = PBXFileReference; lastKnownFileType = sourcecode.swift; path = SceneDelegate.swift; sourceTree = "<group>"; };
		F46E787D248577A300D8B03A /* ViewController.swift */ = {isa = PBXFileReference; lastKnownFileType = sourcecode.swift; path = ViewController.swift; sourceTree = "<group>"; };
		F46E7880248577A300D8B03A /* Base */ = {isa = PBXFileReference; lastKnownFileType = file.storyboard; name = Base; path = Base.lproj/Main.storyboard; sourceTree = "<group>"; };
		F46E7882248577A900D8B03A /* Assets.xcassets */ = {isa = PBXFileReference; lastKnownFileType = folder.assetcatalog; path = Assets.xcassets; sourceTree = "<group>"; };
		F46E7885248577A900D8B03A /* Base */ = {isa = PBXFileReference; lastKnownFileType = file.storyboard; name = Base; path = Base.lproj/LaunchScreen.storyboard; sourceTree = "<group>"; };
		F46E7887248577A900D8B03A /* Info.plist */ = {isa = PBXFileReference; lastKnownFileType = text.plist.xml; path = Info.plist; sourceTree = "<group>"; };
		F46E788D2485836D00D8B03A /* ViewControllerTwo.swift */ = {isa = PBXFileReference; lastKnownFileType = sourcecode.swift; path = ViewControllerTwo.swift; sourceTree = "<group>"; };
		F46E78912485964B00D8B03A /* ViewControllerThree.swift */ = {isa = PBXFileReference; lastKnownFileType = sourcecode.swift; path = ViewControllerThree.swift; sourceTree = "<group>"; };
		F46E78932487DE2800D8B03A /* ViewControllerFour.swift */ = {isa = PBXFileReference; lastKnownFileType = sourcecode.swift; path = ViewControllerFour.swift; sourceTree = "<group>"; };
/* End PBXFileReference section */

/* Begin PBXFrameworksBuildPhase section */
		F46E7873248577A300D8B03A /* Frameworks */ = {
			isa = PBXFrameworksBuildPhase;
			buildActionMask = 2147483647;
			files = (
			);
			runOnlyForDeploymentPostprocessing = 0;
		};
/* End PBXFrameworksBuildPhase section */

/* Begin PBXGroup section */
		F46E786D248577A300D8B03A = {
			isa = PBXGroup;
			children = (
				F46E7878248577A300D8B03A /* MultipleVCs */,
				F46E7877248577A300D8B03A /* Products */,
			);
			sourceTree = "<group>";
		};
		F46E7877248577A300D8B03A /* Products */ = {
			isa = PBXGroup;
			children = (
				F46E7876248577A300D8B03A /* MultipleVCs.app */,
			);
			name = Products;
			sourceTree = "<group>";
		};
		F46E7878248577A300D8B03A /* MultipleVCs */ = {
			isa = PBXGroup;
			children = (
				F46E7879248577A300D8B03A /* AppDelegate.swift */,
				F46E787B248577A300D8B03A /* SceneDelegate.swift */,
				F46E787D248577A300D8B03A /* ViewController.swift */,
				F46E788D2485836D00D8B03A /* ViewControllerTwo.swift */,
				F46E78912485964B00D8B03A /* ViewControllerThree.swift */,
				F46E78932487DE2800D8B03A /* ViewControllerFour.swift */,
				F46E787F248577A300D8B03A /* Main.storyboard */,
				F46E7882248577A900D8B03A /* Assets.xcassets */,
				F46E7884248577A900D8B03A /* LaunchScreen.storyboard */,
				F46E7887248577A900D8B03A /* Info.plist */,
			);
			path = MultipleVCs;
			sourceTree = "<group>";
		};
/* End PBXGroup section */

/* Begin PBXNativeTarget section */
		F46E7875248577A300D8B03A /* MultipleVCs */ = {
			isa = PBXNativeTarget;
			buildConfigurationList = F46E788A248577A900D8B03A /* Build configuration list for PBXNativeTarget "MultipleVCs" */;
			buildPhases = (
				F46E7872248577A300D8B03A /* Sources */,
				F46E7873248577A300D8B03A /* Frameworks */,
				F46E7874248577A300D8B03A /* Resources */,
			);
			buildRules = (
			);
			dependencies = (
			);
			name = MultipleVCs;
			productName = MultipleVCs;
			productReference = F46E7876248577A300D8B03A /* MultipleVCs.app */;
			productType = "com.apple.product-type.application";
		};
/* End PBXNativeTarget section */

/* Begin PBXProject section */
		F46E786E248577A300D8B03A /* Project object */ = {
			isa = PBXProject;
			attributes = {
				LastSwiftUpdateCheck = 1140;
				LastUpgradeCheck = 1140;
				ORGANIZATIONNAME = "Don Watsy";
				TargetAttributes = {
					F46E7875248577A300D8B03A = {
						CreatedOnToolsVersion = 11.4.1;
					};
				};
			};
			buildConfigurationList = F46E7871248577A300D8B03A /* Build configuration list for PBXProject "MultipleVCs" */;
			compatibilityVersion = "Xcode 9.3";
			developmentRegion = en;
			hasScannedForEncodings = 0;
			knownRegions = (
				en,
				Base,
			);
			mainGroup = F46E786D248577A300D8B03A;
			productRefGroup = F46E7877248577A300D8B03A /* Products */;
			projectDirPath = "";
			projectRoot = "";
			targets = (
				F46E7875248577A300D8B03A /* MultipleVCs */,
			);
		};
/* End PBXProject section */

/* Begin PBXResourcesBuildPhase section */
		F46E7874248577A300D8B03A /* Resources */ = {
			isa = PBXResourcesBuildPhase;
			buildActionMask = 2147483647;
			files = (
				F46E7886248577A900D8B03A /* LaunchScreen.storyboard in Resources */,
				F46E7883248577A900D8B03A /* Assets.xcassets in Resources */,
				F46E7881248577A300D8B03A /* Main.storyboard in Resources */,
			);
			runOnlyForDeploymentPostprocessing = 0;
		};
/* End PBXResourcesBuildPhase section */

/* Begin PBXSourcesBuildPhase section */
		F46E7872248577A300D8B03A /* Sources */ = {
			isa = PBXSourcesBuildPhase;
			buildActionMask = 2147483647;
			files = (
				F46E78922485964B00D8B03A /* ViewControllerThree.swift in Sources */,
				F46E787E248577A300D8B03A /* ViewController.swift in Sources */,
				F46E78942487DE2800D8B03A /* ViewControllerFour.swift in Sources */,
				F46E787A248577A300D8B03A /* AppDelegate.swift in Sources */,
				F46E787C248577A300D8B03A /* SceneDelegate.swift in Sources */,
				F46E788E2485836D00D8B03A /* ViewControllerTwo.swift in Sources */,
			);
			runOnlyForDeploymentPostprocessing = 0;
		};
/* End PBXSourcesBuildPhase section */

/* Begin PBXVariantGroup section */
		F46E787F248577A300D8B03A /* Main.storyboard */ = {
			isa = PBXVariantGroup;
			children = (
				F46E7880248577A300D8B03A /* Base */,
			);
			name = Main.storyboard;
			sourceTree = "<group>";
		};
		F46E7884248577A900D8B03A /* LaunchScreen.storyboard */ = {
			isa = PBXVariantGroup;
			children = (
				F46E7885248577A900D8B03A /* Base */,
			);
			name = LaunchScreen.storyboard;
			sourceTree = "<group>";
		};
/* End PBXVariantGroup section */

/* Begin XCBuildConfiguration section */
		F46E7888248577A900D8B03A /* Debug */ = {
			isa = XCBuildConfiguration;
			buildSettings = {
				ALWAYS_SEARCH_USER_PATHS = NO;
				CLANG_ANALYZER_NONNULL = YES;
				CLANG_ANALYZER_NUMBER_OBJECT_CONVERSION = YES_AGGRESSIVE;
				CLANG_CXX_LANGUAGE_STANDARD = "gnu++14";
				CLANG_CXX_LIBRARY = "libc++";
				CLANG_ENABLE_MODULES = YES;
				CLANG_ENABLE_OBJC_ARC = YES;
				CLANG_ENABLE_OBJC_WEAK = YES;
				CLANG_WARN_BLOCK_CAPTURE_AUTORELEASING = YES;
				CLANG_WARN_BOOL_CONVERSION = YES;
				CLANG_WARN_COMMA = YES;
				CLANG_WARN_CONSTANT_CONVERSION = YES;
				CLANG_WARN_DEPRECATED_OBJC_IMPLEMENTATIONS = YES;
				CLANG_WARN_DIRECT_OBJC_ISA_USAGE = YES_ERROR;
				CLANG_WARN_DOCUMENTATION_COMMENTS = YES;
				CLANG_WARN_EMPTY_BODY = YES;
				CLANG_WARN_ENUM_CONVERSION = YES;
				CLANG_WARN_INFINITE_RECURSION = YES;
				CLANG_WARN_INT_CONVERSION = YES;
				CLANG_WARN_NON_LITERAL_NULL_CONVERSION = YES;
				CLANG_WARN_OBJC_IMPLICIT_RETAIN_SELF = YES;
				CLANG_WARN_OBJC_LITERAL_CONVERSION = YES;
				CLANG_WARN_OBJC_ROOT_CLASS = YES_ERROR;
				CLANG_WARN_RANGE_LOOP_ANALYSIS = YES;
				CLANG_WARN_STRICT_PROTOTYPES = YES;
				CLANG_WARN_SUSPICIOUS_MOVE = YES;
				CLANG_WARN_UNGUARDED_AVAILABILITY = YES_AGGRESSIVE;
				CLANG_WARN_UNREACHABLE_CODE = YES;
				CLANG_WARN__DUPLICATE_METHOD_MATCH = YES;
				COPY_PHASE_STRIP = NO;
				DEBUG_INFORMATION_FORMAT = dwarf;
				ENABLE_STRICT_OBJC_MSGSEND = YES;
				ENABLE_TESTABILITY = YES;
				GCC_C_LANGUAGE_STANDARD = gnu11;
				GCC_DYNAMIC_NO_PIC = NO;
				GCC_NO_COMMON_BLOCKS = YES;
				GCC_OPTIMIZATION_LEVEL = 0;
				GCC_PREPROCESSOR_DEFINITIONS = (
					"DEBUG=1",
					"$(inherited)",
				);
				GCC_WARN_64_TO_32_BIT_CONVERSION = YES;
				GCC_WARN_ABOUT_RETURN_TYPE = YES_ERROR;
				GCC_WARN_UNDECLARED_SELECTOR = YES;
				GCC_WARN_UNINITIALIZED_AUTOS = YES_AGGRESSIVE;
				GCC_WARN_UNUSED_FUNCTION = YES;
				GCC_WARN_UNUSED_VARIABLE = YES;
				IPHONEOS_DEPLOYMENT_TARGET = 13.4;
				MTL_ENABLE_DEBUG_INFO = INCLUDE_SOURCE;
				MTL_FAST_MATH = YES;
				ONLY_ACTIVE_ARCH = YES;
				SDKROOT = iphoneos;
				SWIFT_ACTIVE_COMPILATION_CONDITIONS = DEBUG;
				SWIFT_OPTIMIZATION_LEVEL = "-Onone";
			};
			name = Debug;
		};
		F46E7889248577A900D8B03A /* Release */ = {
			isa = XCBuildConfiguration;
			buildSettings = {
				ALWAYS_SEARCH_USER_PATHS = NO;
				CLANG_ANALYZER_NONNULL = YES;
				CLANG_ANALYZER_NUMBER_OBJECT_CONVERSION = YES_AGGRESSIVE;
				CLANG_CXX_LANGUAGE_STANDARD = "gnu++14";
				CLANG_CXX_LIBRARY = "libc++";
				CLANG_ENABLE_MODULES = YES;
				CLANG_ENABLE_OBJC_ARC = YES;
				CLANG_ENABLE_OBJC_WEAK = YES;
				CLANG_WARN_BLOCK_CAPTURE_AUTORELEASING = YES;
				CLANG_WARN_BOOL_CONVERSION = YES;
				CLANG_WARN_COMMA = YES;
				CLANG_WARN_CONSTANT_CONVERSION = YES;
				CLANG_WARN_DEPRECATED_OBJC_IMPLEMENTATIONS = YES;
				CLANG_WARN_DIRECT_OBJC_ISA_USAGE = YES_ERROR;
				CLANG_WARN_DOCUMENTATION_COMMENTS = YES;
				CLANG_WARN_EMPTY_BODY = YES;
				CLANG_WARN_ENUM_CONVERSION = YES;
				CLANG_WARN_INFINITE_RECURSION = YES;
				CLANG_WARN_INT_CONVERSION = YES;
				CLANG_WARN_NON_LITERAL_NULL_CONVERSION = YES;
				CLANG_WARN_OBJC_IMPLICIT_RETAIN_SELF = YES;
				CLANG_WARN_OBJC_LITERAL_CONVERSION = YES;
				CLANG_WARN_OBJC_ROOT_CLASS = YES_ERROR;
				CLANG_WARN_RANGE_LOOP_ANALYSIS = YES;
				CLANG_WARN_STRICT_PROTOTYPES = YES;
				CLANG_WARN_SUSPICIOUS_MOVE = YES;
				CLANG_WARN_UNGUARDED_AVAILABILITY = YES_AGGRESSIVE;
				CLANG_WARN_UNREACHABLE_CODE = YES;
				CLANG_WARN__DUPLICATE_METHOD_MATCH = YES;
				COPY_PHASE_STRIP = NO;
				DEBUG_INFORMATION_FORMAT = "dwarf-with-dsym";
				ENABLE_NS_ASSERTIONS = NO;
				ENABLE_STRICT_OBJC_MSGSEND = YES;
				GCC_C_LANGUAGE_STANDARD = gnu11;
				GCC_NO_COMMON_BLOCKS = YES;
				GCC_WARN_64_TO_32_BIT_CONVERSION = YES;
				GCC_WARN_ABOUT_RETURN_TYPE = YES_ERROR;
				GCC_WARN_UNDECLARED_SELECTOR = YES;
				GCC_WARN_UNINITIALIZED_AUTOS = YES_AGGRESSIVE;
				GCC_WARN_UNUSED_FUNCTION = YES;
				GCC_WARN_UNUSED_VARIABLE = YES;
				IPHONEOS_DEPLOYMENT_TARGET = 13.4;
				MTL_ENABLE_DEBUG_INFO = NO;
				MTL_FAST_MATH = YES;
				SDKROOT = iphoneos;
				SWIFT_COMPILATION_MODE = wholemodule;
				SWIFT_OPTIMIZATION_LEVEL = "-O";
				VALIDATE_PRODUCT = YES;
			};
			name = Release;
		};
		F46E788B248577A900D8B03A /* Debug */ = {
			isa = XCBuildConfiguration;
			buildSettings = {
				ASSETCATALOG_COMPILER_APPICON_NAME = AppIcon;
				CODE_SIGN_STYLE = Automatic;
				DEVELOPMENT_TEAM = S9P9JB79CQ;
				INFOPLIST_FILE = MultipleVCs/Info.plist;
				LD_RUNPATH_SEARCH_PATHS = (
					"$(inherited)",
					"@executable_path/Frameworks",
				);
				PRODUCT_BUNDLE_IDENTIFIER = edu.cuny.bmcc.MultipleVCs;
				PRODUCT_NAME = "$(TARGET_NAME)";
				SWIFT_VERSION = 5.0;
				TARGETED_DEVICE_FAMILY = 1;
			};
			name = Debug;
		};
		F46E788C248577A900D8B03A /* Release */ = {
			isa = XCBuildConfiguration;
			buildSettings = {
				ASSETCATALOG_COMPILER_APPICON_NAME = AppIcon;
				CODE_SIGN_STYLE = Automatic;
				DEVELOPMENT_TEAM = S9P9JB79CQ;
				INFOPLIST_FILE = MultipleVCs/Info.plist;
				LD_RUNPATH_SEARCH_PATHS = (
					"$(inherited)",
					"@executable_path/Frameworks",
				);
				PRODUCT_BUNDLE_IDENTIFIER = edu.cuny.bmcc.MultipleVCs;
				PRODUCT_NAME = "$(TARGET_NAME)";
				SWIFT_VERSION = 5.0;
				TARGETED_DEVICE_FAMILY = 1;
			};
			name = Release;
		};
/* End XCBuildConfiguration section */

/* Begin XCConfigurationList section */
		F46E7871248577A300D8B03A /* Build configuration list for PBXProject "MultipleVCs" */ = {
			isa = XCConfigurationList;
			buildConfigurations = (
				F46E7888248577A900D8B03A /* Debug */,
				F46E7889248577A900D8B03A /* Release */,
			);
			defaultConfigurationIsVisible = 0;
			defaultConfigurationName = Release;
		};
		F46E788A248577A900D8B03A /* Build configuration list for PBXNativeTarget "MultipleVCs" */ = {
			isa = XCConfigurationList;
			buildConfigurations = (
				F46E788B248577A900D8B03A /* Debug */,
				F46E788C248577A900D8B03A /* Release */,
			);
			defaultConfigurationIsVisible = 0;
			defaultConfigurationName = Release;
		};
/* End XCConfigurationList section */
	};
	rootObject = F46E786E248577A300D8B03A /* Project object */;
}
